
Microsoft Visual Studio Solution File, Format Version 10.00
# Visual C++ Express 2008
Project("{8BC9CEB8-8B4A-11D0-8D11-00A0C91BC942}") = "VS2008", "VS2008.vcproj", "{B35A6700-5654-41E7-9EC4-F2A1703B8148}"
EndProject
Global
	GlobalSection(SolutionConfigurationPlatforms) = preSolution
		Debug|Win32 = Debug|Win32
		Release|Win32 = Release|Win32
	EndGlobalSection
	GlobalSection(ProjectConfigurationPlatforms) = postSolution
		{B35A6700-5654-41E7-9EC4-F2A1703B8148}.Debug|Win32.ActiveCfg = Debug|Win32
		{B35A6700-5654-41E7-9EC4-F2A1703B8148}.Debug|Win32.Build.0 = Debug|Win32
		{B35A6700-5654-41E7-9EC4-F2A1703B8148}.Release|Win32.ActiveCfg = Release|Win32
		{B35A6700-5654-41E7-9EC4-F2A1703B8148}.Release|Win32.Build.0 = Release|Win32
	EndGlobalSection
	GlobalSection(SolutionProperties) = preSolution
		HideSolutionNode = FALSE
	EndGlobalSection
EndGlobal
